
Microsoft Visual Studio Solution File, Format Version 12.00
# Visual Studio 15
VisualStudioVersion = 15.0.27004.2005
MinimumVisualStudioVersion = 10.0.40219.1
Project("{2150E333-8FDC-42A3-9474-1A3956D46DE8}") = "misc", "misc", "{82413185-53CE-4D57-942B-81AC33771ED7}"
	ProjectSection(SolutionItems) = preProject
		..\..\..\..\Downloads\inControl - PSD2 powered.pptx = ..\..\..\..\Downloads\inControl - PSD2 powered.pptx
		LICENSE = LICENSE
		README.md = README.md
		..\..\..\..\Downloads\ΕΝΤΥΠΟ ΠΕΡΙΓΡΑΦΗΣ ΕΦΑΡΜΟΓΗΣ crowdhackathon fintech2_v2.docx = ..\..\..\..\Downloads\ΕΝΤΥΠΟ ΠΕΡΙΓΡΑΦΗΣ ΕΦΑΡΜΟΓΗΣ crowdhackathon fintech2_v2.docx
	EndProjectSection
EndProject
Project("{9A19103F-16F7-4668-BE54-9A1E7A4F7556}") = "Incontrl.Csl", "src\Incontrl.Csl\Incontrl.Csl.csproj", "{43A1356E-6155-428D-9749-EF4CFAE94B20}"
EndProject
Project("{2150E333-8FDC-42A3-9474-1A3956D46DE8}") = "src", "src", "{E3E28094-5763-439B-A291-5F7B22B2AAC3}"
EndProject
Global
	GlobalSection(SolutionConfigurationPlatforms) = preSolution
		Debug|Any CPU = Debug|Any CPU
		Release|Any CPU = Release|Any CPU
	EndGlobalSection
	GlobalSection(ProjectConfigurationPlatforms) = postSolution
		{43A1356E-6155-428D-9749-EF4CFAE94B20}.Debug|Any CPU.ActiveCfg = Debug|Any CPU
		{43A1356E-6155-428D-9749-EF4CFAE94B20}.Debug|Any CPU.Build.0 = Debug|Any CPU
		{43A1356E-6155-428D-9749-EF4CFAE94B20}.Release|Any CPU.ActiveCfg = Release|Any CPU
		{43A1356E-6155-428D-9749-EF4CFAE94B20}.Release|Any CPU.Build.0 = Release|Any CPU
	EndGlobalSection
	GlobalSection(SolutionProperties) = preSolution
		HideSolutionNode = FALSE
	EndGlobalSection
	GlobalSection(NestedProjects) = preSolution
		{43A1356E-6155-428D-9749-EF4CFAE94B20} = {E3E28094-5763-439B-A291-5F7B22B2AAC3}
	EndGlobalSection
	GlobalSection(ExtensibilityGlobals) = postSolution
		SolutionGuid = {112B4DC6-D063-4D12-B1D6-83B545E21283}
	EndGlobalSection
EndGlobal
